{
  "version": 1,
  "dependencies": {
    "net10.0": {
      "Absence.Fody": {
        "type": "Direct",
        "requested": "[2.0.10, )",
        "resolved": "2.0.10",
        "contentHash": "2KLFoerxZmndQnk0eChviplhYaViXuxho3rK5UzIY+Tdpsk72uOFoJV0+g0XELAAF2Kq48EgWf1/0iAIMs4rpg=="
      },
      "Archipelago.MultiClient.Net": {
        "type": "Direct",
        "requested": "[6.6.1, )",
        "resolved": "6.6.1",
        "contentHash": "CvojDLce6/ZkDTa/JNeCX4fM7X0gDdVAI5oIOKOtZjsOk4xJ9kTBix6ajnV2tIABEgpKzmMQm21Oz93Bu0m7IA=="
      },
      "Archipelago.MultiClient.Net.Analyzers": {
        "type": "Direct",
        "requested": "[1.5.0, )",
        "resolved": "1.5.0",
        "contentHash": "4tQEOY5xrrq0Tzct4gP0ceeZkLF3aim+nSBS9KiHxkR7wTqSjU23nn7V0I0SSHpRtIP/DalZq8t7bSMmdv9npg=="
      },
      "AsyncFixer": {
        "type": "Direct",
        "requested": "[1.6.0, )",
        "resolved": "1.6.0",
        "contentHash": "/Xfs9H3UMfEv64cwT+C/JrTRp4w08BmPuFbj0ageadCHpx6rxYJxAU2C6sEqRFG22xmGk5cX9ewzoiiehWVHOw=="
      },
      "Asyncify": {
        "type": "Direct",
        "requested": "[0.9.5707.38527, )",
        "resolved": "0.9.5707.38527",
        "contentHash": "54YoGrB5+yC0rBjC+MpYLMMzS9IHZyYCohVEGh5opDRX3iid9+VNz+U4udopzh2OkrLlCfylf2z1SN1rQovmdA=="
      },
      "Collections.Analyzer": {
        "type": "Direct",
        "requested": "[0.2.12.1, )",
        "resolved": "0.2.12.1",
        "contentHash": "7Qn6pSjH0i4ZjeSAtyIYIRKvz2cR9PJ3raFCvMyCrgwi7n7Xw9oWcXtkK20ahBZoRQMFjcePoX29FLzj7h3Vcw==",
        "dependencies": {
          "Microsoft.CodeAnalysis.Common": "4.13.0",
          "Microsoft.CodeAnalysis.Workspaces.Common": "4.13.0"
        }
      },
      "CommunityToolkit.Common": {
        "type": "Direct",
        "requested": "[8.4.0, )",
        "resolved": "8.4.0",
        "contentHash": "yqU6s4sLjaMuJ0OS6MSpOLkdbLS8HhyD0RSMQ/+/AyAjXizLMdXnlImgVBXPEGmBsNKDjApGF7uFmSh/xhie7A=="
      },
      "CommunityToolkit.Diagnostics": {
        "type": "Direct",
        "requested": "[8.4.0, )",
        "resolved": "8.4.0",
        "contentHash": "/9Nuy8EWo0ZYQsjn3h4OGxjCWVYXl3TV3fvv29f8IVqplXgXGRzIpbtHEHGOfykh+TPbzUclzIfMCBzmgblKDA=="
      },
      "CommunityToolkit.HighPerformance": {
        "type": "Direct",
        "requested": "[8.4.0, )",
        "resolved": "8.4.0",
        "contentHash": "flxspiBs0G/0GMp7IK2J2ijV9bTG6hEwFc/z6ekHqB6nwRJ4Ry2yLdx+TkbCUYFCl4XhABkAwomeKbT6zM2Zlg=="
      },
      "DesktopNotifications": {
        "type": "Direct",
        "requested": "[1.3.1, )",
        "resolved": "1.3.1",
        "contentHash": "v9zc2cl0AexHC4kkeEaq9JhK//Viw8nsCK8ozG5d0ZofAaeM1BPBrcPD1Cg3LBprXAEpGn3nUJMhs4i46yG/3A=="
      },
      "DesktopNotifications.FreeDesktop": {
        "type": "Direct",
        "requested": "[1.3.1, )",
        "resolved": "1.3.1",
        "contentHash": "RocQwWi6lwNZj19qE/YCez7gPi5sam32pyCNWkf/p9US9OXWClRkrqBcH+yLuP/NE/ABKZwD31WzUJHfKRqNoA==",
        "dependencies": {
          "DesktopNotifications": "1.3.1",
          "Tmds.DBus": "0.9.1"
        }
      },
      "Divorce.Fody": {
        "type": "Direct",
        "requested": "[1.1.1, )",
        "resolved": "1.1.1",
        "contentHash": "FpZKfY6XUBD/dpL8iV/DOn9w+BTwPq2JVuKP0GdSck+TxrVEus00Jex2hyjW4uJqR1uqBHCMryNKZw+6KFCrZg==",
        "dependencies": {
          "Fody": "6.8.2"
        }
      },
      "DotNetAnalyzers.DocumentationAnalyzers": {
        "type": "Direct",
        "requested": "[1.0.0-beta.59, )",
        "resolved": "1.0.0-beta.59",
        "contentHash": "+cjn5bzar9cqDABF2SUsMEof8yoMXSNdHYdpCVNnj/M/cRACbKYHzYpgilSEvFlHGuolzJJ2WN++/EXwBzSsYQ==",
        "dependencies": {
          "DotNetAnalyzers.DocumentationAnalyzers.Unstable": "1.0.0.59"
        }
      },
      "DotNetDoodle.Analyzers": {
        "type": "Direct",
        "requested": "[0.0.2, )",
        "resolved": "0.0.2",
        "contentHash": "dMCGaTgS/Yit+l8C7/q1NZ0gWbVupWc3m3mR0RwNHiJZuv/ZANYhfiuFmmdg5cnU1F6gBILiXcIHiJv7lBWnNg=="
      },
      "DotNetProjectFile.Analyzers": {
        "type": "Direct",
        "requested": "[1.7.0, )",
        "resolved": "1.7.0",
        "contentHash": "eyJL+587l3ChUk8L0hqaXSU9l4ecVTEqc2VdeWYFFCVtkEmv7B7unqMkIer3EaeiCfE8PzGUEMxq42PweURd+Q=="
      },
      "Emik.Analyzers.Matches": {
        "type": "Direct",
        "requested": "[1.3.3, )",
        "resolved": "1.3.3",
        "contentHash": "vrMVx0vENC/QWo7v0nIfkcCch9W0phqLongWGPMK8pIUnX42sb4K0a+oCQCrJOFhj1vkOgx0NFkRAYvecOyiyw=="
      },
      "Emik.SourceGenerators.Choices": {
        "type": "Direct",
        "requested": "[1.4.16, )",
        "resolved": "1.4.16",
        "contentHash": "NaVwiCfMYmLf5mUqDhgS08YtOShR2kYvRyPQOs5xlZsTrvDDrJc2OzUHRIrEVzUOa2AoPBHxmtUX9PWy72Nwlw=="
      },
      "Emik.SourceGenerators.Implicit": {
        "type": "Direct",
        "requested": "[1.0.8, )",
        "resolved": "1.0.8",
        "contentHash": "ZvORDhXSnsU8W94otlq0cnnU+QZ8AwAp7bto2GmKDoLI1rdRL8lZBwthT/BFgGzXbUPYKgEyNWGzN1uM2w4Ldw=="
      },
      "Emik.SourceGenerators.Tattoo": {
        "type": "Direct",
        "requested": "[2.0.7, )",
        "resolved": "2.0.7",
        "contentHash": "DCEVX9qIWJZ/QNtcp1tAIyX+JcLVCfWxl9znuFBQtWcl1/3XF1AUf0pe+fSuNJH20NZrWguD+u8ye006AvtnEw=="
      },
      "FastGenericNew.SourceGenerator": {
        "type": "Direct",
        "requested": "[3.3.1, )",
        "resolved": "3.3.1",
        "contentHash": "EQM3crFmhini38H9swkH4L0p3INEhN3Oa/CtrtHi+u/mgxa3upBhoQ4TDXIFqbeLdkMOXk+mpJNAt1j8owMxXA=="
      },
      "Fody": {
        "type": "Direct",
        "requested": "[6.9.2, )",
        "resolved": "6.9.2",
        "contentHash": "YBHobPGogb0vYhGYIxn/ndWqTjNWZveDi5jdjrcshL2vjwU3gQGyDeI7vGgye+2rAM5fGRvlLgNWLW3DpviS/w=="
      },
      "GlobalUsingsAnalyzer": {
        "type": "Direct",
        "requested": "[1.4.0, )",
        "resolved": "1.4.0",
        "contentHash": "aincMUfQlAmBpKjciJqrrsksFENEEUqfr+MwwG9cO/wem4chB8ypnpqY+PGkCWLuQUnc8/OEEnOELG/J+xtPSw=="
      },
      "IDisposableAnalyzers": {
        "type": "Direct",
        "requested": "[4.0.8, )",
        "resolved": "4.0.8",
        "contentHash": "vNi4NMG0CcJyjXxiNDcQ21FwV/whM9o9OEZKD+oP7tuxAqFEzX/x5OhC3OZJqW/w+8GOtCmJPBquYgMWgz0rfQ=="
      },
      "ILMerge.Fody": {
        "type": "Direct",
        "requested": "[1.24.0, )",
        "resolved": "1.24.0",
        "contentHash": "Jg13T22kxyVUCP1lAfjSDKkL01XzMIM+GWd5kv9Hohi/9L2dhHZK55KQe2Yu/sHoQsYvRToeCDuIBKrNOJza7A==",
        "dependencies": {
          "Fody": "6.6.4"
        }
      },
      "ImGui.NET": {
        "type": "Direct",
        "requested": "[1.91.6.1, )",
        "resolved": "1.91.6.1",
        "contentHash": "Ph3j8pO6UM28PPJWP+5LEJSPVPkd8ivpVS8tRyY9b0IHn1HDIrMZ2o/FdiXaYW6YhNxMHmbevw6Jcfs+IDKi0Q=="
      },
      "InlineIL.Fody": {
        "type": "Direct",
        "requested": "[1.10.1, )",
        "resolved": "1.10.1",
        "contentHash": "t7fTKLi+5tuYzH8PItQm7m0QU6xma7+NPZCDPbn1ebEvtymKmduuueeSOv8Jwm5UmLt1JOUERP/abH4P1AiRLQ==",
        "dependencies": {
          "Fody": "6.9.2"
        }
      },
      "InlineMethod.Fody": {
        "type": "Direct",
        "requested": "[0.8.7, )",
        "resolved": "0.8.7",
        "contentHash": "Y+ISlTQ9D13RFdcVFj9I52E5GqCl/mN4QMfbpN1gv3+Sbyj7mEDD9PEz4UVFyx77VRTAomi7MunNR8b/PLUp/w=="
      },
      "JetBrains.Annotations": {
        "type": "Direct",
        "requested": "[2025.2.0, )",
        "resolved": "2025.2.0",
        "contentHash": "2BvMkOSW+50EbQFhWFIPWTqmcDLiyyjwkMN7lN386bhP2vN/7ts5t59qu11HtenmHFxqDzaD8J1fFoh+QTOzVA=="
      },
      "JetBrainsAnnotations.Fody": {
        "type": "Direct",
        "requested": "[2.17.0, )",
        "resolved": "2.17.0",
        "contentHash": "poQLz+ZhKGJzmlVMkbh4+tSDGPAw7xcv2Pqimao2NERhXv4iF+T1gAcozFVDHiD5wpicaYelICIFohQ9AWq8Fg==",
        "dependencies": {
          "Fody": "6.5.1",
          "JetBrains.Annotations": "2021.1.0"
        }
      },
      "Jubjubnest.Style.DotNet": {
        "type": "Direct",
        "requested": "[0.1.54, )",
        "resolved": "0.1.54",
        "contentHash": "6GnvjHaoxNGEDbW9TvYNkAOeoDvYQYwnQcLzYh7wA+VNH7nJz0OVvJ/UGuWdT8THaH+/XgzYuXcDL2kLkUejPA=="
      },
      "LocalsInit.Fody": {
        "type": "Direct",
        "requested": "[1.1.0, )",
        "resolved": "1.1.0",
        "contentHash": "7v+kh48y3ouocYrgJEoHqCd021wv2XfqWEH5nqdY04ycq9cvFm2LtrovYxPLO0NxXcE8VZON9krT+HCFdujIWw==",
        "dependencies": {
          "Fody": "6.0.0"
        }
      },
      "Meziantou.Analyzer": {
        "type": "Direct",
        "requested": "[2.0.212, )",
        "resolved": "2.0.212",
        "contentHash": "U91ktjjTRTccUs3Lk+hrLD9vW+2+lhnsOf4G1GpRSJi1pLn3uK5CU6wGP9Bmz1KlJs6Oz1GGoMhxQBoqQsmAuQ=="
      },
      "Microsoft.CodeAnalysis.Analyzers": {
        "type": "Direct",
        "requested": "[5.0.0-1.25277.114, )",
        "resolved": "5.0.0-1.25277.114",
        "contentHash": "c6QPsJG6HzM7eA05YjzEerMWIKgyoF7y0D0MC/mftEll4Vd1Gy6dxH8GO9i3dFpUil0Ij7E4hLLsKdD1IJrkrQ=="
      },
      "Microsoft.CodeAnalysis.NetAnalyzers": {
        "type": "Direct",
        "requested": "[10.0.0-preview.25358.103, )",
        "resolved": "10.0.0-preview.25358.103",
        "contentHash": "yNUAHIaMZ3uxL2qiRAXOZ4nOXQ5Tzui+bIIYIwUgih4iAdmuCa+Byu2+1rdK6W3/F0vfwU5gyAQ6YhO49KMkPw=="
      },
      "MonoGame.Framework.DesktopGL": {
        "type": "Direct",
        "requested": "[3.8.5-develop.6, )",
        "resolved": "3.8.5-develop.6",
        "contentHash": "jmZkVdKw2gEjJA3u8Gs32+NMbjC7y8fVVZ4DD7ppahqOSh2WUkDx9Hc52h5LuR5LkSxR3kCw3xT3dithTBfwtA==",
        "dependencies": {
          "MonoGame.Library.OpenAL": "1.24.3.2",
          "MonoGame.Library.SDL": "2.32.2.1",
          "NVorbis": "0.10.4"
        }
      },
      "Nullable.Extended.Analyzer": {
        "type": "Direct",
        "requested": "[1.15.6581, )",
        "resolved": "1.15.6581",
        "contentHash": "lQ025E+aNR34QfXvRiHxNXTHK6JBkvpIIZD2IMk8QyROTZAkqs+PFasEa2xkIC+cN2C0Mw5MRnhX/Wrmz/qKfw=="
      },
      "NullGuard.Fody": {
        "type": "Direct",
        "requested": "[3.1.1, )",
        "resolved": "3.1.1",
        "contentHash": "v3S5KBsTafu8lTlO1eouW8Ly6JLcEXRBZAbXbNJfb4fpehY+iSE8m1o4wJQodaEafkPlhoOM4/BnoePKGp1c4A==",
        "dependencies": {
          "Fody": "6.6.4"
        }
      },
      "ReflectionAnalyzers": {
        "type": "Direct",
        "requested": "[0.3.1, )",
        "resolved": "0.3.1",
        "contentHash": "Q7N3nziye+vGsDPcrKrPFjlaFhrM+1adtJcpjFeq4ufBB+uKc4kRezSK03382xpE8iNQbiRHUl+z31NW0W18FQ=="
      },
      "RoslynAnalyzersDotNet": {
        "type": "Direct",
        "requested": "[1.0.6281.37723, )",
        "resolved": "1.0.6281.37723",
        "contentHash": "ugRvpViLUAiV/QAUIb7jP2ZqeNOlW33F8/73HIbXtFZS5O5KtD1hoUR0+i9PJoV20n4XNafYwcgtNopZWpRCZw=="
      },
      "Roslynator.Analyzers": {
        "type": "Direct",
        "requested": "[4.14.0, )",
        "resolved": "4.14.0",
        "contentHash": "AEWQMrb1rcmjv9FGzrwYSBb4INhDhsauS+wwTumG0wq8N1Il+CIQHqUZJ7bt0zYJEA1qXSqgpg8Fgwc88WrR/Q=="
      },
      "Roslynator.CodeAnalysis.Analyzers": {
        "type": "Direct",
        "requested": "[4.14.0, )",
        "resolved": "4.14.0",
        "contentHash": "iUiC7mfaLWgUxnKyG90sCIwd4fLLrnDtOsVqh1PuAL+drDNi8If+2lG9B+gPjRrP/pYSfcu9TMRYSDMKOEpnoQ=="
      },
      "Scifa.CheckedExceptions": {
        "type": "Direct",
        "requested": "[1.0.14, )",
        "resolved": "1.0.14",
        "contentHash": "7ukOw++6AN+MNSYKmPtlMhiaGqJe0X4lrOxRrO8qmZdKTpbz6rCnLitxWX/wGdYcI7mJ0fk9g2lmM2ZtSrQqtg==",
        "dependencies": {
          "Scifa.CheckedExceptions.Attributes": "1.0.14"
        }
      },
      "Text.Analyzers": {
        "type": "Direct",
        "requested": "[5.0.0-1.25277.114, )",
        "resolved": "5.0.0-1.25277.114",
        "contentHash": "nbYnMWteAF4lNvlqD24ejnmeEvmYW3tchdrymrhqhDbnsDqkUyg2N/uQY1FIyQNwLXX3eMwF7GQ+Z37rgtKxgw=="
      },
      "TextCopy": {
        "type": "Direct",
        "requested": "[6.2.1, )",
        "resolved": "6.2.1",
        "contentHash": "ryejViUBmHQ2XMie2AiRBn7KVKu2Gh/hqrctGSAUf1BufwfPjr+MWuACNBaiG+40TMbWRDJZgV73Tpl9hggeRw==",
        "dependencies": {
          "Microsoft.Extensions.DependencyInjection.Abstractions": "7.0.0"
        }
      },
      "YamlDotNet": {
        "type": "Direct",
        "requested": "[16.3.0, )",
        "resolved": "16.3.0",
        "contentHash": "SgMOdxbz8X65z8hraIs6hOEdnkH6hESTAIUa7viEngHOYaH+6q5XJmwr1+yb9vJpNQ19hCQY69xbFsLtXpobQA=="
      },
      "DotNetAnalyzers.DocumentationAnalyzers.Unstable": {
        "type": "Transitive",
        "resolved": "1.0.0.59",
        "contentHash": "ekGYoPsAGTJs5cFbRdzfHKX2n2DzEATZyowGw3QJnozelzmhQ5tGCJhyolN5NWDq1p/GkBPKgRcQ5QGTKxaGrA=="
      },
      "Humanizer.Core": {
        "type": "Transitive",
        "resolved": "2.14.1",
        "contentHash": "lQKvtaTDOXnoVJ20ibTuSIOf2i0uO0MPbDhd1jm238I+U/2ZnRENj0cktKZhtchBMtCUSRQ5v4xBCUbKNmyVMw=="
      },
      "Microsoft.CodeAnalysis.Common": {
        "type": "Transitive",
        "resolved": "4.13.0",
        "contentHash": "T8nRl4mAUY4mhdYM4U2ra2vP2EL+ol8Yqwo0gwC/V55vmlXq9NxdIkZJynTpTL1uX/jHijJ90AeOEx4lf7OwzQ==",
        "dependencies": {
          "Microsoft.CodeAnalysis.Analyzers": "3.11.0"
        }
      },
      "Microsoft.CodeAnalysis.Workspaces.Common": {
        "type": "Transitive",
        "resolved": "4.13.0",
        "contentHash": "7kME/hT+I8zlOWIWcX1jWLDKwLNU21u1JGzDV47KxeaYIn5LCacMD2n1LzR4+PwzGzAedy+YjRwcy+NcO9zY+g==",
        "dependencies": {
          "Humanizer.Core": "2.14.1",
          "Microsoft.CodeAnalysis.Analyzers": "3.11.0",
          "Microsoft.CodeAnalysis.Common": "[4.13.0]",
          "System.Composition": "8.0.0"
        }
      },
      "Microsoft.Extensions.DependencyInjection.Abstractions": {
        "type": "Transitive",
        "resolved": "7.0.0",
        "contentHash": "h3j/QfmFN4S0w4C2A6X7arXij/M/OVw3uQHSOFxnND4DyAzO1F9eMX7Eti7lU/OkSthEE0WzRsfT/Dmx86jzCw=="
      },
      "Microsoft.NETCore.Platforms": {
        "type": "Transitive",
        "resolved": "1.1.0",
        "contentHash": "kz0PEW2lhqygehI/d6XsPCQzD7ff7gUJaVGPVETX611eadGsA3A877GdSlU0LRVMCTH/+P3o2iDTak+S08V2+A=="
      },
      "MonoGame.Library.OpenAL": {
        "type": "Transitive",
        "resolved": "1.24.3.2",
        "contentHash": "nGRsXQXs+NSUC3C5w90hFQfyKdZPpBnHnyg2w+Dw/2pUH7s+CoRWTJNYbzzdJf3+aeUvfvG4rTbFvMKDDj5olA=="
      },
      "MonoGame.Library.SDL": {
        "type": "Transitive",
        "resolved": "2.32.2.1",
        "contentHash": "T4E2ppGlSTC2L9US1rxtdg3qTbarRzNId31xZoumUW9cf9Nq8nRQPMu9GzvZGrhfSySf0+UWPEj1rlicps+P/w=="
      },
      "NETStandard.Library": {
        "type": "Transitive",
        "resolved": "1.6.1",
        "contentHash": "WcSp3+vP+yHNgS8EV5J7pZ9IRpeDuARBPN28by8zqff1wJQXm26PVU8L3/fYLBJVU7BtDyqNVWq2KlCVvSSR4A==",
        "dependencies": {
          "Microsoft.NETCore.Platforms": "1.1.0"
        }
      },
      "NVorbis": {
        "type": "Transitive",
        "resolved": "0.10.4",
        "contentHash": "WYnil3DhQHzjCY0dM9I2B3r1vWip90AOuQd25KE4NrjPQBg0tBJFluRLm5YPnO5ZLDmwrfosY8jCQGQRmWI/Pg=="
      },
      "Scifa.CheckedExceptions.Attributes": {
        "type": "Transitive",
        "resolved": "1.0.14",
        "contentHash": "0O2pc3QrTk9O+ZW9UnR0xns0faXtscmaMZh8vo6zVo1eLOF5jAjxN5uWkTXmw/QOhYHpHAj7YTeb349jbT4r6A==",
        "dependencies": {
          "NETStandard.Library": "1.6.1"
        }
      },
      "System.Composition": {
        "type": "Transitive",
        "resolved": "8.0.0",
        "contentHash": "E9oO9olNNxA39J8CxQwf7ceIPm+j/B/PhYpyK9M4LhN/OLLRw6u5fNInkhVqaWueMB9iXxYqnwqwgz+W91loIA==",
        "dependencies": {
          "System.Composition.AttributedModel": "8.0.0",
          "System.Composition.Convention": "8.0.0",
          "System.Composition.Hosting": "8.0.0",
          "System.Composition.Runtime": "8.0.0",
          "System.Composition.TypedParts": "8.0.0"
        }
      },
      "System.Composition.AttributedModel": {
        "type": "Transitive",
        "resolved": "8.0.0",
        "contentHash": "NyElSuvmBMYdn2iPG0n29i7Igu0bq99izOP3MAtEwskY3OP9jqsavvVmPn9lesVaj/KT/o/QkNjA43dOJTsDQw=="
      },
      "System.Composition.Convention": {
        "type": "Transitive",
        "resolved": "8.0.0",
        "contentHash": "UuVkc1B3vQU/LzEbWLMZ1aYVssv4rpShzf8wPEyrUqoGNqdYKREmB8bXR73heOMKkwS6ZnPz3PjGODT2MenukQ==",
        "dependencies": {
          "System.Composition.AttributedModel": "8.0.0"
        }
      },
      "System.Composition.Hosting": {
        "type": "Transitive",
        "resolved": "8.0.0",
        "contentHash": "qwbONqoxlazxcbiohvb3t1JWZgKIKcRdXS5uEeLbo5wtuBupIbAvdC3PYTAeBCZrZeERvrtAbhYHuuS43Zr1bQ==",
        "dependencies": {
          "System.Composition.Runtime": "8.0.0"
        }
      },
      "System.Composition.Runtime": {
        "type": "Transitive",
        "resolved": "8.0.0",
        "contentHash": "G+kRyB5/6+3ucRRQz+DF4uSHGqpkK8Q4ilVdbt4zvxpmvLVZNmSkyFAQpJLcbOyVF85aomJx0m+TGMDVlwx7ZQ=="
      },
      "System.Composition.TypedParts": {
        "type": "Transitive",
        "resolved": "8.0.0",
        "contentHash": "DsSklhuA+Dsgo3ZZrar8hjBFvq1wa1grrkNCTt+6SoX3vq0Vy+HXJnVXrU/nNH1BjlGH684A7h4hJQHZd/u5mA==",
        "dependencies": {
          "System.Composition.AttributedModel": "8.0.0",
          "System.Composition.Hosting": "8.0.0",
          "System.Composition.Runtime": "8.0.0"
        }
      },
      "Tmds.DBus": {
        "type": "Transitive",
        "resolved": "0.9.1",
        "contentHash": "I/zQvdQ9gc16Pm+k9VmJHGuUeXagMP97x+czdEFqMJzPJiqULJ76MQaz2JYEZYucI3qIF81BEI3wXb4vtpcWHg=="
      },
      "remote.portable": {
        "type": "Project",
        "dependencies": {
          "CommunityToolkit.Common": "[8.4.0, )",
          "CommunityToolkit.Diagnostics": "[8.4.0, )",
          "CommunityToolkit.HighPerformance": "[8.4.0, )"
        }
      },
      "remote.resources": {
        "type": "Project",
        "dependencies": {
          "CommunityToolkit.Common": "[8.4.0, )",
          "CommunityToolkit.Diagnostics": "[8.4.0, )",
          "CommunityToolkit.HighPerformance": "[8.4.0, )"
        }
      }
    }
  }
}